// !$*UTF8*$!
{
	archiveVersion = 1;
	classes = {
	};
	objectVersion = 48;
	objects = {

/* Begin PBXBuildFile section */
		5F5664DFE0A27BAEAB63E726 /* libPods-WilsonDevUITests.a in Frameworks */ = {isa = PBXBuildFile; fileRef = B79CC9C9B15EFE0A12973F25 /* libPods-WilsonDevUITests.a */; };
		C80883291FEB5BB80000D94C /* GestureVC.m in Sources */ = {isa = PBXBuildFile; fileRef = C80883281FEB5BB80000D94C /* GestureVC.m */; };
		C808832C1FEB9EB70000D94C /* DrawRectViewVC.m in Sources */ = {isa = PBXBuildFile; fileRef = C808832B1FEB9EB70000D94C /* DrawRectViewVC.m */; };
		C80883301FEB9FD60000D94C /* WilsonDrawView.m in Sources */ = {isa = PBXBuildFile; fileRef = C808832F1FEB9FD60000D94C /* WilsonDrawView.m */; };
		C8A87637200489A700CF376D /* WilsonMainVC.m in Sources */ = {isa = PBXBuildFile; fileRef = C8A87636200489A700CF376D /* WilsonMainVC.m */; };
		C8B12DB31FD6459D0000DEB0 /* AppDelegate.m in Sources */ = {isa = PBXBuildFile; fileRef = C8B12DB21FD6459D0000DEB0 /* AppDelegate.m */; };
		C8B12DBB1FD6459D0000DEB0 /* Assets.xcassets in Resources */ = {isa = PBXBuildFile; fileRef = C8B12DBA1FD6459D0000DEB0 /* Assets.xcassets */; };
		C8B12DC11FD6459D0000DEB0 /* main.m in Sources */ = {isa = PBXBuildFile; fileRef = C8B12DC01FD6459D0000DEB0 /* main.m */; };
		C8B12DCB1FD6459D0000DEB0 /* WilsonDevTests.m in Sources */ = {isa = PBXBuildFile; fileRef = C8B12DCA1FD6459D0000DEB0 /* WilsonDevTests.m */; };
		C8B12DD61FD6459D0000DEB0 /* WilsonDevUITests.m in Sources */ = {isa = PBXBuildFile; fileRef = C8B12DD51FD6459D0000DEB0 /* WilsonDevUITests.m */; };
		E45DA13E6E46FEB74C9589AF /* libPods-WilsonDevTests.a in Frameworks */ = {isa = PBXBuildFile; fileRef = 19BAE3FEB45576C39EA43E7A /* libPods-WilsonDevTests.a */; };
		E50AC0BA4DF7CF8CC74BE2B8 /* libPods-WilsonDev.a in Frameworks */ = {isa = PBXBuildFile; fileRef = D87A9BBD07F60A4C5027F831 /* libPods-WilsonDev.a */; };
/* End PBXBuildFile section */

/* Begin PBXContainerItemProxy section */
		C8B12DC71FD6459D0000DEB0 /* PBXContainerItemProxy */ = {
			isa = PBXContainerItemProxy;
			containerPortal = C8B12DA61FD6459D0000DEB0 /* Project object */;
			proxyType = 1;
			remoteGlobalIDString = C8B12DAD1FD6459D0000DEB0;
			remoteInfo = WilsonDev;
		};
		C8B12DD21FD6459D0000DEB0 /* PBXContainerItemProxy */ = {
			isa = PBXContainerItemProxy;
			containerPortal = C8B12DA61FD6459D0000DEB0 /* Project object */;
			proxyType = 1;
			remoteGlobalIDString = C8B12DAD1FD6459D0000DEB0;
			remoteInfo = WilsonDev;
		};
/* End PBXContainerItemProxy section */

/* Begin PBXFileReference section */
		19BAE3FEB45576C39EA43E7A /* libPods-WilsonDevTests.a */ = {isa = PBXFileReference; explicitFileType = archive.ar; includeInIndex = 0; path = "libPods-WilsonDevTests.a"; sourceTree = BUILT_PRODUCTS_DIR; };
		325F4F5D29210594C46DCB41 /* Pods-WilsonDev.debug.xcconfig */ = {isa = PBXFileReference; includeInIndex = 1; lastKnownFileType = text.xcconfig; name = "Pods-WilsonDev.debug.xcconfig"; path = "Pods/Target Support Files/Pods-WilsonDev/Pods-WilsonDev.debug.xcconfig"; sourceTree = "<group>"; };
		3DBB52DA7E9F6BC26BF1147E /* Pods-WilsonDevTests.release.xcconfig */ = {isa = PBXFileReference; includeInIndex = 1; lastKnownFileType = text.xcconfig; name = "Pods-WilsonDevTests.release.xcconfig"; path = "Pods/Target Support Files/Pods-WilsonDevTests/Pods-WilsonDevTests.release.xcconfig"; sourceTree = "<group>"; };
		A87FD9F459C72126206E8F48 /* Pods-WilsonDevUITests.debug.xcconfig */ = {isa = PBXFileReference; includeInIndex = 1; lastKnownFileType = text.xcconfig; name = "Pods-WilsonDevUITests.debug.xcconfig"; path = "Pods/Target Support Files/Pods-WilsonDevUITests/Pods-WilsonDevUITests.debug.xcconfig"; sourceTree = "<group>"; };
		B0E7152230E1FEC340E7E89C /* Pods-WilsonDevUITests.release.xcconfig */ = {isa = PBXFileReference; includeInIndex = 1; lastKnownFileType = text.xcconfig; name = "Pods-WilsonDevUITests.release.xcconfig"; path = "Pods/Target Support Files/Pods-WilsonDevUITests/Pods-WilsonDevUITests.release.xcconfig"; sourceTree = "<group>"; };
		B79CC9C9B15EFE0A12973F25 /* libPods-WilsonDevUITests.a */ = {isa = PBXFileReference; explicitFileType = archive.ar; includeInIndex = 0; path = "libPods-WilsonDevUITests.a"; sourceTree = BUILT_PRODUCTS_DIR; };
		C80883271FEB5BB80000D94C /* GestureVC.h */ = {isa = PBXFileReference; fileEncoding = 4; lastKnownFileType = sourcecode.c.h; path = GestureVC.h; sourceTree = "<group>"; };
		C80883281FEB5BB80000D94C /* GestureVC.m */ = {isa = PBXFileReference; fileEncoding = 4; lastKnownFileType = sourcecode.c.objc; path = GestureVC.m; sourceTree = "<group>"; };
		C808832A1FEB9EB70000D94C /* DrawRectViewVC.h */ = {isa = PBXFileReference; lastKnownFileType = sourcecode.c.h; path = DrawRectViewVC.h; sourceTree = "<group>"; };
		C808832B1FEB9EB70000D94C /* DrawRectViewVC.m */ = {isa = PBXFileReference; lastKnownFileType = sourcecode.c.objc; path = DrawRectViewVC.m; sourceTree = "<group>"; };
		C808832E1FEB9FD60000D94C /* WilsonDrawView.h */ = {isa = PBXFileReference; lastKnownFileType = sourcecode.c.h; path = WilsonDrawView.h; sourceTree = "<group>"; };
		C808832F1FEB9FD60000D94C /* WilsonDrawView.m */ = {isa = PBXFileReference; lastKnownFileType = sourcecode.c.objc; path = WilsonDrawView.m; sourceTree = "<group>"; };
		C8A87635200489A700CF376D /* WilsonMainVC.h */ = {isa = PBXFileReference; lastKnownFileType = sourcecode.c.h; path = WilsonMainVC.h; sourceTree = "<group>"; };
		C8A87636200489A700CF376D /* WilsonMainVC.m */ = {isa = PBXFileReference; lastKnownFileType = sourcecode.c.objc; path = WilsonMainVC.m; sourceTree = "<group>"; };
		C8B12DAE1FD6459D0000DEB0 /* WilsonDev.app */ = {isa = PBXFileReference; explicitFileType = wrapper.application; includeInIndex = 0; path = WilsonDev.app; sourceTree = BUILT_PRODUCTS_DIR; };
		C8B12DB11FD6459D0000DEB0 /* AppDelegate.h */ = {isa = PBXFileReference; lastKnownFileType = sourcecode.c.h; path = AppDelegate.h; sourceTree = "<group>"; };
		C8B12DB21FD6459D0000DEB0 /* AppDelegate.m */ = {isa = PBXFileReference; lastKnownFileType = sourcecode.c.objc; path = AppDelegate.m; sourceTree = "<group>"; };
		C8B12DBA1FD6459D0000DEB0 /* Assets.xcassets */ = {isa = PBXFileReference; lastKnownFileType = folder.assetcatalog; path = Assets.xcassets; sourceTree = "<group>"; };
		C8B12DBF1FD6459D0000DEB0 /* Info.plist */ = {isa = PBXFileReference; lastKnownFileType = text.plist.xml; path = Info.plist; sourceTree = "<group>"; };
		C8B12DC01FD6459D0000DEB0 /* main.m */ = {isa = PBXFileReference; lastKnownFileType = sourcecode.c.objc; path = main.m; sourceTree = "<group>"; };
		C8B12DC61FD6459D0000DEB0 /* WilsonDevTests.xctest */ = {isa = PBXFileReference; explicitFileType = wrapper.cfbundle; includeInIndex = 0; path = WilsonDevTests.xctest; sourceTree = BUILT_PRODUCTS_DIR; };
		C8B12DCA1FD6459D0000DEB0 /* WilsonDevTests.m */ = {isa = PBXFileReference; lastKnownFileType = sourcecode.c.objc; path = WilsonDevTests.m; sourceTree = "<group>"; };
		C8B12DCC1FD6459D0000DEB0 /* Info.plist */ = {isa = PBXFileReference; lastKnownFileType = text.plist.xml; path = Info.plist; sourceTree = "<group>"; };
		C8B12DD11FD6459D0000DEB0 /* WilsonDevUITests.xctest */ = {isa = PBXFileReference; explicitFileType = wrapper.cfbundle; includeInIndex = 0; path = WilsonDevUITests.xctest; sourceTree = BUILT_PRODUCTS_DIR; };
		C8B12DD51FD6459D0000DEB0 /* WilsonDevUITests.m */ = {isa = PBXFileReference; lastKnownFileType = sourcecode.c.objc; path = WilsonDevUITests.m; sourceTree = "<group>"; };
		C8B12DD71FD6459D0000DEB0 /* Info.plist */ = {isa = PBXFileReference; lastKnownFileType = text.plist.xml; path = Info.plist; sourceTree = "<group>"; };
		CB662AC0EA07579E8DE96BD7 /* Pods-WilsonDev.release.xcconfig */ = {isa = PBXFileReference; includeInIndex = 1; lastKnownFileType = text.xcconfig; name = "Pods-WilsonDev.release.xcconfig"; path = "Pods/Target Support Files/Pods-WilsonDev/Pods-WilsonDev.release.xcconfig"; sourceTree = "<group>"; };
		D87A9BBD07F60A4C5027F831 /* libPods-WilsonDev.a */ = {isa = PBXFileReference; explicitFileType = archive.ar; includeInIndex = 0; path = "libPods-WilsonDev.a"; sourceTree = BUILT_PRODUCTS_DIR; };
		F73D739668FBCC64A33EF495 /* Pods-WilsonDevTests.debug.xcconfig */ = {isa = PBXFileReference; includeInIndex = 1; lastKnownFileType = text.xcconfig; name = "Pods-WilsonDevTests.debug.xcconfig"; path = "Pods/Target Support Files/Pods-WilsonDevTests/Pods-WilsonDevTests.debug.xcconfig"; sourceTree = "<group>"; };
/* End PBXFileReference section */

/* Begin PBXFrameworksBuildPhase section */
		C8B12DAB1FD6459D0000DEB0 /* Frameworks */ = {
			isa = PBXFrameworksBuildPhase;
			buildActionMask = 2147483647;
			files = (
				E50AC0BA4DF7CF8CC74BE2B8 /* libPods-WilsonDev.a in Frameworks */,
			);
			runOnlyForDeploymentPostprocessing = 0;
		};
		C8B12DC31FD6459D0000DEB0 /* Frameworks */ = {
			isa = PBXFrameworksBuildPhase;
			buildActionMask = 2147483647;
			files = (
				E45DA13E6E46FEB74C9589AF /* libPods-WilsonDevTests.a in Frameworks */,
			);
			runOnlyForDeploymentPostprocessing = 0;
		};
		C8B12DCE1FD6459D0000DEB0 /* Frameworks */ = {
			isa = PBXFrameworksBuildPhase;
			buildActionMask = 2147483647;
			files = (
				5F5664DFE0A27BAEAB63E726 /* libPods-WilsonDevUITests.a in Frameworks */,
			);
			runOnlyForDeploymentPostprocessing = 0;
		};
/* End PBXFrameworksBuildPhase section */

/* Begin PBXGroup section */
		38C8D2BA6AF0A805269F1243 /* Frameworks */ = {
			isa = PBXGroup;
			children = (
				D87A9BBD07F60A4C5027F831 /* libPods-WilsonDev.a */,
				19BAE3FEB45576C39EA43E7A /* libPods-WilsonDevTests.a */,
				B79CC9C9B15EFE0A12973F25 /* libPods-WilsonDevUITests.a */,
			);
			name = Frameworks;
			sourceTree = "<group>";
		};
		C0D0BF73BE6F741E295A600E /* Pods */ = {
			isa = PBXGroup;
			children = (
				325F4F5D29210594C46DCB41 /* Pods-WilsonDev.debug.xcconfig */,
				CB662AC0EA07579E8DE96BD7 /* Pods-WilsonDev.release.xcconfig */,
				F73D739668FBCC64A33EF495 /* Pods-WilsonDevTests.debug.xcconfig */,
				3DBB52DA7E9F6BC26BF1147E /* Pods-WilsonDevTests.release.xcconfig */,
				A87FD9F459C72126206E8F48 /* Pods-WilsonDevUITests.debug.xcconfig */,
				B0E7152230E1FEC340E7E89C /* Pods-WilsonDevUITests.release.xcconfig */,
			);
			name = Pods;
			sourceTree = "<group>";
		};
		C80883261FEB5BB80000D94C /* Container */ = {
			isa = PBXGroup;
			children = (
				C80883271FEB5BB80000D94C /* GestureVC.h */,
				C80883281FEB5BB80000D94C /* GestureVC.m */,
				C808832A1FEB9EB70000D94C /* DrawRectViewVC.h */,
				C808832B1FEB9EB70000D94C /* DrawRectViewVC.m */,
			);
			path = Container;
			sourceTree = "<group>";
		};
		C808832D1FEB9FBA0000D94C /* WilsonView */ = {
			isa = PBXGroup;
			children = (
				C808832E1FEB9FD60000D94C /* WilsonDrawView.h */,
				C808832F1FEB9FD60000D94C /* WilsonDrawView.m */,
			);
			path = WilsonView;
			sourceTree = "<group>";
		};
		C8B12DA51FD6459D0000DEB0 = {
			isa = PBXGroup;
			children = (
				C8B12DB01FD6459D0000DEB0 /* WilsonDev */,
				C8B12DC91FD6459D0000DEB0 /* WilsonDevTests */,
				C8B12DD41FD6459D0000DEB0 /* WilsonDevUITests */,
				C8B12DAF1FD6459D0000DEB0 /* Products */,
				C0D0BF73BE6F741E295A600E /* Pods */,
				38C8D2BA6AF0A805269F1243 /* Frameworks */,
			);
			sourceTree = "<group>";
		};
		C8B12DAF1FD6459D0000DEB0 /* Products */ = {
			isa = PBXGroup;
			children = (
				C8B12DAE1FD6459D0000DEB0 /* WilsonDev.app */,
				C8B12DC61FD6459D0000DEB0 /* WilsonDevTests.xctest */,
				C8B12DD11FD6459D0000DEB0 /* WilsonDevUITests.xctest */,
			);
			name = Products;
			sourceTree = "<group>";
		};
		C8B12DB01FD6459D0000DEB0 /* WilsonDev */ = {
			isa = PBXGroup;
			children = (
				C8B12DB11FD6459D0000DEB0 /* AppDelegate.h */,
				C8B12DB21FD6459D0000DEB0 /* AppDelegate.m */,
				C8A87635200489A700CF376D /* WilsonMainVC.h */,
				C8A87636200489A700CF376D /* WilsonMainVC.m */,
				C80883261FEB5BB80000D94C /* Container */,
				C808832D1FEB9FBA0000D94C /* WilsonView */,
				C8B12DBA1FD6459D0000DEB0 /* Assets.xcassets */,
				C8B12DBF1FD6459D0000DEB0 /* Info.plist */,
				C8B12DC01FD6459D0000DEB0 /* main.m */,
			);
			path = WilsonDev;
			sourceTree = "<group>";
		};
		C8B12DC91FD6459D0000DEB0 /* WilsonDevTests */ = {
			isa = PBXGroup;
			children = (
				C8B12DCA1FD6459D0000DEB0 /* WilsonDevTests.m */,
				C8B12DCC1FD6459D0000DEB0 /* Info.plist */,
			);
			path = WilsonDevTests;
			sourceTree = "<group>";
		};
		C8B12DD41FD6459D0000DEB0 /* WilsonDevUITests */ = {
			isa = PBXGroup;
			children = (
				C8B12DD51FD6459D0000DEB0 /* WilsonDevUITests.m */,
				C8B12DD71FD6459D0000DEB0 /* Info.plist */,
			);
			path = WilsonDevUITests;
			sourceTree = "<group>";
		};
/* End PBXGroup section */

/* Begin PBXNativeTarget section */
		C8B12DAD1FD6459D0000DEB0 /* WilsonDev */ = {
			isa = PBXNativeTarget;
			buildConfigurationList = C8B12DDA1FD6459D0000DEB0 /* Build configuration list for PBXNativeTarget "WilsonDev" */;
			buildPhases = (
				F09F32077B8B12B45C7CF8CC /* [CP] Check Pods Manifest.lock */,
				C8B12DAA1FD6459D0000DEB0 /* Sources */,
				C8B12DAB1FD6459D0000DEB0 /* Frameworks */,
				C8B12DAC1FD6459D0000DEB0 /* Resources */,
				02684C432FDF4CCF9872E79A /* [CP] Embed Pods Frameworks */,
				C92E42FB449923DFD645A4FD /* [CP] Copy Pods Resources */,
			);
			buildRules = (
			);
			dependencies = (
			);
			name = WilsonDev;
			productName = WilsonDev;
			productReference = C8B12DAE1FD6459D0000DEB0 /* WilsonDev.app */;
			productType = "com.apple.product-type.application";
		};
		C8B12DC51FD6459D0000DEB0 /* WilsonDevTests */ = {
			isa = PBXNativeTarget;
			buildConfigurationList = C8B12DDD1FD6459D0000DEB0 /* Build configuration list for PBXNativeTarget "WilsonDevTests" */;
			buildPhases = (
				399DB92CC8999F37708B4E56 /* [CP] Check Pods Manifest.lock */,
				C8B12DC21FD6459D0000DEB0 /* Sources */,
				C8B12DC31FD6459D0000DEB0 /* Frameworks */,
				C8B12DC41FD6459D0000DEB0 /* Resources */,
				23151D01BA0B37B2F83E7768 /* [CP] Embed Pods Frameworks */,
				15112E43B6BE12A67771FA59 /* [CP] Copy Pods Resources */,
			);
			buildRules = (
			);
			dependencies = (
				C8B12DC81FD6459D0000DEB0 /* PBXTargetDependency */,
			);
			name = WilsonDevTests;
			productName = WilsonDevTests;
			productReference = C8B12DC61FD6459D0000DEB0 /* WilsonDevTests.xctest */;
			productType = "com.apple.product-type.bundle.unit-test";
		};
		C8B12DD01FD6459D0000DEB0 /* WilsonDevUITests */ = {
			isa = PBXNativeTarget;
			buildConfigurationList = C8B12DE01FD6459D0000DEB0 /* Build configuration list for PBXNativeTarget "WilsonDevUITests" */;
			buildPhases = (
				13DE68A7CB7368066ECBD33C /* [CP] Check Pods Manifest.lock */,
				C8B12DCD1FD6459D0000DEB0 /* Sources */,
				C8B12DCE1FD6459D0000DEB0 /* Frameworks */,
				C8B12DCF1FD6459D0000DEB0 /* Resources */,
				FF6C5ED71C83C4BDE0A1C719 /* [CP] Embed Pods Frameworks */,
				268CB742A32005A07EC74502 /* [CP] Copy Pods Resources */,
			);
			buildRules = (
			);
			dependencies = (
				C8B12DD31FD6459D0000DEB0 /* PBXTargetDependency */,
			);
			name = WilsonDevUITests;
			productName = WilsonDevUITests;
			productReference = C8B12DD11FD6459D0000DEB0 /* WilsonDevUITests.xctest */;
			productType = "com.apple.product-type.bundle.ui-testing";
		};
/* End PBXNativeTarget section */

/* Begin PBXProject section */
		C8B12DA61FD6459D0000DEB0 /* Project object */ = {
			isa = PBXProject;
			attributes = {
				LastUpgradeCheck = 0910;
				ORGANIZATIONNAME = Wilson;
				TargetAttributes = {
					C8B12DAD1FD6459D0000DEB0 = {
						CreatedOnToolsVersion = 9.1;
						ProvisioningStyle = Automatic;
					};
					C8B12DC51FD6459D0000DEB0 = {
						CreatedOnToolsVersion = 9.1;
						ProvisioningStyle = Automatic;
						TestTargetID = C8B12DAD1FD6459D0000DEB0;
					};
					C8B12DD01FD6459D0000DEB0 = {
						CreatedOnToolsVersion = 9.1;
						ProvisioningStyle = Automatic;
						TestTargetID = C8B12DAD1FD6459D0000DEB0;
					};
				};
			};
			buildConfigurationList = C8B12DA91FD6459D0000DEB0 /* Build configuration list for PBXProject "WilsonDev" */;
			compatibilityVersion = "Xcode 8.0";
			developmentRegion = en;
			hasScannedForEncodings = 0;
			knownRegions = (
				en,
				Base,
			);
			mainGroup = C8B12DA51FD6459D0000DEB0;
			productRefGroup = C8B12DAF1FD6459D0000DEB0 /* Products */;
			projectDirPath = "";
			projectRoot = "";
			targets = (
				C8B12DAD1FD6459D0000DEB0 /* WilsonDev */,
				C8B12DC51FD6459D0000DEB0 /* WilsonDevTests */,
				C8B12DD01FD6459D0000DEB0 /* WilsonDevUITests */,
			);
		};
/* End PBXProject section */

/* Begin PBXResourcesBuildPhase section */
		C8B12DAC1FD6459D0000DEB0 /* Resources */ = {
			isa = PBXResourcesBuildPhase;
			buildActionMask = 2147483647;
			files = (
				C8B12DBB1FD6459D0000DEB0 /* Assets.xcassets in Resources */,
			);
			runOnlyForDeploymentPostprocessing = 0;
		};
		C8B12DC41FD6459D0000DEB0 /* Resources */ = {
			isa = PBXResourcesBuildPhase;
			buildActionMask = 2147483647;
			files = (
			);
			runOnlyForDeploymentPostprocessing = 0;
		};
		C8B12DCF1FD6459D0000DEB0 /* Resources */ = {
			isa = PBXResourcesBuildPhase;
			buildActionMask = 2147483647;
			files = (
			);
			runOnlyForDeploymentPostprocessing = 0;
		};
/* End PBXResourcesBuildPhase section */

/* Begin PBXShellScriptBuildPhase section */
		02684C432FDF4CCF9872E79A /* [CP] Embed Pods Frameworks */ = {
			isa = PBXShellScriptBuildPhase;
			buildActionMask = 2147483647;
			files = (
			);
			inputPaths = (
			);
			name = "[CP] Embed Pods Frameworks";
			outputPaths = (
			);
			runOnlyForDeploymentPostprocessing = 0;
			shellPath = /bin/sh;
			shellScript = "\"${SRCROOT}/Pods/Target Support Files/Pods-WilsonDev/Pods-WilsonDev-frameworks.sh\"\n";
			showEnvVarsInLog = 0;
		};
		13DE68A7CB7368066ECBD33C /* [CP] Check Pods Manifest.lock */ = {
			isa = PBXShellScriptBuildPhase;
			buildActionMask = 2147483647;
			files = (
			);
			inputPaths = (
				"${PODS_PODFILE_DIR_PATH}/Podfile.lock",
				"${PODS_ROOT}/Manifest.lock",
			);
			name = "[CP] Check Pods Manifest.lock";
			outputPaths = (
				"$(DERIVED_FILE_DIR)/Pods-WilsonDevUITests-checkManifestLockResult.txt",
			);
			runOnlyForDeploymentPostprocessing = 0;
			shellPath = /bin/sh;
			shellScript = "diff \"${PODS_PODFILE_DIR_PATH}/Podfile.lock\" \"${PODS_ROOT}/Manifest.lock\" > /dev/null\nif [ $? != 0 ] ; then\n    # print error to STDERR\n    echo \"error: The sandbox is not in sync with the Podfile.lock. Run 'pod install' or update your CocoaPods installation.\" >&2\n    exit 1\nfi\n# This output is used by Xcode 'outputs' to avoid re-running this script phase.\necho \"SUCCESS\" > \"${SCRIPT_OUTPUT_FILE_0}\"\n";
			showEnvVarsInLog = 0;
		};
		15112E43B6BE12A67771FA59 /* [CP] Copy Pods Resources */ = {
			isa = PBXShellScriptBuildPhase;
			buildActionMask = 2147483647;
			files = (
			);
			inputPaths = (
			);
			name = "[CP] Copy Pods Resources";
			outputPaths = (
			);
			runOnlyForDeploymentPostprocessing = 0;
			shellPath = /bin/sh;
			shellScript = "\"${SRCROOT}/Pods/Target Support Files/Pods-WilsonDevTests/Pods-WilsonDevTests-resources.sh\"\n";
			showEnvVarsInLog = 0;
		};
		23151D01BA0B37B2F83E7768 /* [CP] Embed Pods Frameworks */ = {
			isa = PBXShellScriptBuildPhase;
			buildActionMask = 2147483647;
			files = (
			);
			inputPaths = (
			);
			name = "[CP] Embed Pods Frameworks";
			outputPaths = (
			);
			runOnlyForDeploymentPostprocessing = 0;
			shellPath = /bin/sh;
			shellScript = "\"${SRCROOT}/Pods/Target Support Files/Pods-WilsonDevTests/Pods-WilsonDevTests-frameworks.sh\"\n";
			showEnvVarsInLog = 0;
		};
		268CB742A32005A07EC74502 /* [CP] Copy Pods Resources */ = {
			isa = PBXShellScriptBuildPhase;
			buildActionMask = 2147483647;
			files = (
			);
			inputPaths = (
			);
			name = "[CP] Copy Pods Resources";
			outputPaths = (
			);
			runOnlyForDeploymentPostprocessing = 0;
			shellPath = /bin/sh;
			shellScript = "\"${SRCROOT}/Pods/Target Support Files/Pods-WilsonDevUITests/Pods-WilsonDevUITests-resources.sh\"\n";
			showEnvVarsInLog = 0;
		};
		399DB92CC8999F37708B4E56 /* [CP] Check Pods Manifest.lock */ = {
			isa = PBXShellScriptBuildPhase;
			buildActionMask = 2147483647;
			files = (
			);
			inputPaths = (
				"${PODS_PODFILE_DIR_PATH}/Podfile.lock",
				"${PODS_ROOT}/Manifest.lock",
			);
			name = "[CP] Check Pods Manifest.lock";
			outputPaths = (
				"$(DERIVED_FILE_DIR)/Pods-WilsonDevTests-checkManifestLockResult.txt",
			);
			runOnlyForDeploymentPostprocessing = 0;
			shellPath = /bin/sh;
			shellScript = "diff \"${PODS_PODFILE_DIR_PATH}/Podfile.lock\" \"${PODS_ROOT}/Manifest.lock\" > /dev/null\nif [ $? != 0 ] ; then\n    # print error to STDERR\n    echo \"error: The sandbox is not in sync with the Podfile.lock. Run 'pod install' or update your CocoaPods installation.\" >&2\n    exit 1\nfi\n# This output is used by Xcode 'outputs' to avoid re-running this script phase.\necho \"SUCCESS\" > \"${SCRIPT_OUTPUT_FILE_0}\"\n";
			showEnvVarsInLog = 0;
		};
		C92E42FB449923DFD645A4FD /* [CP] Copy Pods Resources */ = {
			isa = PBXShellScriptBuildPhase;
			buildActionMask = 2147483647;
			files = (
			);
			inputPaths = (
			);
			name = "[CP] Copy Pods Resources";
			outputPaths = (
			);
			runOnlyForDeploymentPostprocessing = 0;
			shellPath = /bin/sh;
			shellScript = "\"${SRCROOT}/Pods/Target Support Files/Pods-WilsonDev/Pods-WilsonDev-resources.sh\"\n";
			showEnvVarsInLog = 0;
		};
		F09F32077B8B12B45C7CF8CC /* [CP] Check Pods Manifest.lock */ = {
			isa = PBXShellScriptBuildPhase;
			buildActionMask = 2147483647;
			files = (
			);
			inputPaths = (
				"${PODS_PODFILE_DIR_PATH}/Podfile.lock",
				"${PODS_ROOT}/Manifest.lock",
			);
			name = "[CP] Check Pods Manifest.lock";
			outputPaths = (
				"$(DERIVED_FILE_DIR)/Pods-WilsonDev-checkManifestLockResult.txt",
			);
			runOnlyForDeploymentPostprocessing = 0;
			shellPath = /bin/sh;
			shellScript = "diff \"${PODS_PODFILE_DIR_PATH}/Podfile.lock\" \"${PODS_ROOT}/Manifest.lock\" > /dev/null\nif [ $? != 0 ] ; then\n    # print error to STDERR\n    echo \"error: The sandbox is not in sync with the Podfile.lock. Run 'pod install' or update your CocoaPods installation.\" >&2\n    exit 1\nfi\n# This output is used by Xcode 'outputs' to avoid re-running this script phase.\necho \"SUCCESS\" > \"${SCRIPT_OUTPUT_FILE_0}\"\n";
			showEnvVarsInLog = 0;
		};
		FF6C5ED71C83C4BDE0A1C719 /* [CP] Embed Pods Frameworks */ = {
			isa = PBXShellScriptBuildPhase;
			buildActionMask = 2147483647;
			files = (
			);
			inputPaths = (
			);
			name = "[CP] Embed Pods Frameworks";
			outputPaths = (
			);
			runOnlyForDeploymentPostprocessing = 0;
			shellPath = /bin/sh;
			shellScript = "\"${SRCROOT}/Pods/Target Support Files/Pods-WilsonDevUITests/Pods-WilsonDevUITests-frameworks.sh\"\n";
			showEnvVarsInLog = 0;
		};
/* End PBXShellScriptBuildPhase section */

/* Begin PBXSourcesBuildPhase section */
		C8B12DAA1FD6459D0000DEB0 /* Sources */ = {
			isa = PBXSourcesBuildPhase;
			buildActionMask = 2147483647;
			files = (
				C8A87637200489A700CF376D /* WilsonMainVC.m in Sources */,
				C80883301FEB9FD60000D94C /* WilsonDrawView.m in Sources */,
				C808832C1FEB9EB70000D94C /* DrawRectViewVC.m in Sources */,
				C8B12DC11FD6459D0000DEB0 /* main.m in Sources */,
				C80883291FEB5BB80000D94C /* GestureVC.m in Sources */,
				C8B12DB31FD6459D0000DEB0 /* AppDelegate.m in Sources */,
			);
			runOnlyForDeploymentPostprocessing = 0;
		};
		C8B12DC21FD6459D0000DEB0 /* Sources */ = {
			isa = PBXSourcesBuildPhase;
			buildActionMask = 2147483647;
			files = (
				C8B12DCB1FD6459D0000DEB0 /* WilsonDevTests.m in Sources */,
			);
			runOnlyForDeploymentPostprocessing = 0;
		};
		C8B12DCD1FD6459D0000DEB0 /* Sources */ = {
			isa = PBXSourcesBuildPhase;
			buildActionMask = 2147483647;
			files = (
				C8B12DD61FD6459D0000DEB0 /* WilsonDevUITests.m in Sources */,
			);
			runOnlyForDeploymentPostprocessing = 0;
		};
/* End PBXSourcesBuildPhase section */

/* Begin PBXTargetDependency section */
		C8B12DC81FD6459D0000DEB0 /* PBXTargetDependency */ = {
			isa = PBXTargetDependency;
			target = C8B12DAD1FD6459D0000DEB0 /* WilsonDev */;
			targetProxy = C8B12DC71FD6459D0000DEB0 /* PBXContainerItemProxy */;
		};
		C8B12DD31FD6459D0000DEB0 /* PBXTargetDependency */ = {
			isa = PBXTargetDependency;
			target = C8B12DAD1FD6459D0000DEB0 /* WilsonDev */;
			targetProxy = C8B12DD21FD6459D0000DEB0 /* PBXContainerItemProxy */;
		};
/* End PBXTargetDependency section */

/* Begin XCBuildConfiguration section */
		C8B12DD81FD6459D0000DEB0 /* Debug */ = {
			isa = XCBuildConfiguration;
			buildSettings = {
				ALWAYS_SEARCH_USER_PATHS = NO;
				CLANG_ANALYZER_NONNULL = YES;
				CLANG_ANALYZER_NUMBER_OBJECT_CONVERSION = YES_AGGRESSIVE;
				CLANG_CXX_LANGUAGE_STANDARD = "gnu++14";
				CLANG_CXX_LIBRARY = "libc++";
				CLANG_ENABLE_MODULES = YES;
				CLANG_ENABLE_OBJC_ARC = YES;
				CLANG_WARN_BLOCK_CAPTURE_AUTORELEASING = YES;
				CLANG_WARN_BOOL_CONVERSION = YES;
				CLANG_WARN_COMMA = YES;
				CLANG_WARN_CONSTANT_CONVERSION = YES;
				CLANG_WARN_DIRECT_OBJC_ISA_USAGE = YES_ERROR;
				CLANG_WARN_DOCUMENTATION_COMMENTS = YES;
				CLANG_WARN_EMPTY_BODY = YES;
				CLANG_WARN_ENUM_CONVERSION = YES;
				CLANG_WARN_INFINITE_RECURSION = YES;
				CLANG_WARN_INT_CONVERSION = YES;
				CLANG_WARN_NON_LITERAL_NULL_CONVERSION = YES;
				CLANG_WARN_OBJC_LITERAL_CONVERSION = YES;
				CLANG_WARN_OBJC_ROOT_CLASS = YES_ERROR;
				CLANG_WARN_RANGE_LOOP_ANALYSIS = YES;
				CLANG_WARN_STRICT_PROTOTYPES = YES;
				CLANG_WARN_SUSPICIOUS_MOVE = YES;
				CLANG_WARN_UNGUARDED_AVAILABILITY = YES_AGGRESSIVE;
				CLANG_WARN_UNREACHABLE_CODE = YES;
				CLANG_WARN__DUPLICATE_METHOD_MATCH = YES;
				CODE_SIGN_IDENTITY = "iPhone Developer";
				COPY_PHASE_STRIP = NO;
				DEBUG_INFORMATION_FORMAT = dwarf;
				ENABLE_STRICT_OBJC_MSGSEND = YES;
				ENABLE_TESTABILITY = YES;
				GCC_C_LANGUAGE_STANDARD = gnu11;
				GCC_DYNAMIC_NO_PIC = NO;
				GCC_NO_COMMON_BLOCKS = YES;
				GCC_OPTIMIZATION_LEVEL = 0;
				GCC_PREPROCESSOR_DEFINITIONS = (
					"DEBUG=1",
					"$(inherited)",
				);
				GCC_WARN_64_TO_32_BIT_CONVERSION = YES;
				GCC_WARN_ABOUT_RETURN_TYPE = YES_ERROR;
				GCC_WARN_UNDECLARED_SELECTOR = YES;
				GCC_WARN_UNINITIALIZED_AUTOS = YES_AGGRESSIVE;
				GCC_WARN_UNUSED_FUNCTION = YES;
				GCC_WARN_UNUSED_VARIABLE = YES;
				IPHONEOS_DEPLOYMENT_TARGET = 11.1;
				MTL_ENABLE_DEBUG_INFO = YES;
				ONLY_ACTIVE_ARCH = YES;
				SDKROOT = iphoneos;
			};
			name = Debug;
		};
		C8B12DD91FD6459D0000DEB0 /* Release */ = {
			isa = XCBuildConfiguration;
			buildSettings = {
				ALWAYS_SEARCH_USER_PATHS = NO;
				CLANG_ANALYZER_NONNULL = YES;
				CLANG_ANALYZER_NUMBER_OBJECT_CONVERSION = YES_AGGRESSIVE;
				CLANG_CXX_LANGUAGE_STANDARD = "gnu++14";
				CLANG_CXX_LIBRARY = "libc++";
				CLANG_ENABLE_MODULES = YES;
				CLANG_ENABLE_OBJC_ARC = YES;
				CLANG_WARN_BLOCK_CAPTURE_AUTORELEASING = YES;
				CLANG_WARN_BOOL_CONVERSION = YES;
				CLANG_WARN_COMMA = YES;
				CLANG_WARN_CONSTANT_CONVERSION = YES;
				CLANG_WARN_DIRECT_OBJC_ISA_USAGE = YES_ERROR;
				CLANG_WARN_DOCUMENTATION_COMMENTS = YES;
				CLANG_WARN_EMPTY_BODY = YES;
				CLANG_WARN_ENUM_CONVERSION = YES;
				CLANG_WARN_INFINITE_RECURSION = YES;
				CLANG_WARN_INT_CONVERSION = YES;
				CLANG_WARN_NON_LITERAL_NULL_CONVERSION = YES;
				CLANG_WARN_OBJC_LITERAL_CONVERSION = YES;
				CLANG_WARN_OBJC_ROOT_CLASS = YES_ERROR;
				CLANG_WARN_RANGE_LOOP_ANALYSIS = YES;
				CLANG_WARN_STRICT_PROTOTYPES = YES;
				CLANG_WARN_SUSPICIOUS_MOVE = YES;
				CLANG_WARN_UNGUARDED_AVAILABILITY = YES_AGGRESSIVE;
				CLANG_WARN_UNREACHABLE_CODE = YES;
				CLANG_WARN__DUPLICATE_METHOD_MATCH = YES;
				CODE_SIGN_IDENTITY = "iPhone Developer";
				COPY_PHASE_STRIP = NO;
				DEBUG_INFORMATION_FORMAT = "dwarf-with-dsym";
				ENABLE_NS_ASSERTIONS = NO;
				ENABLE_STRICT_OBJC_MSGSEND = YES;
				GCC_C_LANGUAGE_STANDARD = gnu11;
				GCC_NO_COMMON_BLOCKS = YES;
				GCC_WARN_64_TO_32_BIT_CONVERSION = YES;
				GCC_WARN_ABOUT_RETURN_TYPE = YES_ERROR;
				GCC_WARN_UNDECLARED_SELECTOR = YES;
				GCC_WARN_UNINITIALIZED_AUTOS = YES_AGGRESSIVE;
				GCC_WARN_UNUSED_FUNCTION = YES;
				GCC_WARN_UNUSED_VARIABLE = YES;
				IPHONEOS_DEPLOYMENT_TARGET = 11.1;
				MTL_ENABLE_DEBUG_INFO = NO;
				SDKROOT = iphoneos;
				VALIDATE_PRODUCT = YES;
			};
			name = Release;
		};
		C8B12DDB1FD6459D0000DEB0 /* Debug */ = {
			isa = XCBuildConfiguration;
			baseConfigurationReference = 325F4F5D29210594C46DCB41 /* Pods-WilsonDev.debug.xcconfig */;
			buildSettings = {
				ASSETCATALOG_COMPILER_APPICON_NAME = AppIcon;
				ASSETCATALOG_COMPILER_LAUNCHIMAGE_NAME = LaunchImage;
				CODE_SIGN_STYLE = Automatic;
				DEVELOPMENT_TEAM = 2W77NDA9H2;
				INFOPLIST_FILE = WilsonDev/Info.plist;
				IPHONEOS_DEPLOYMENT_TARGET = 8.0;
				LD_RUNPATH_SEARCH_PATHS = "$(inherited) @executable_path/Frameworks";
				PRODUCT_BUNDLE_IDENTIFIER = ForeverMamba.WilsonDev;
				PRODUCT_NAME = "$(TARGET_NAME)";
				TARGETED_DEVICE_FAMILY = "1,2";
			};
			name = Debug;
		};
		C8B12DDC1FD6459D0000DEB0 /* Release */ = {
			isa = XCBuildConfiguration;
			baseConfigurationReference = CB662AC0EA07579E8DE96BD7 /* Pods-WilsonDev.release.xcconfig */;
			buildSettings = {
				ASSETCATALOG_COMPILER_APPICON_NAME = AppIcon;
				ASSETCATALOG_COMPILER_LAUNCHIMAGE_NAME = LaunchImage;
				CODE_SIGN_STYLE = Automatic;
				DEVELOPMENT_TEAM = 2W77NDA9H2;
				INFOPLIST_FILE = WilsonDev/Info.plist;
				IPHONEOS_DEPLOYMENT_TARGET = 8.0;
				LD_RUNPATH_SEARCH_PATHS = "$(inherited) @executable_path/Frameworks";
				PRODUCT_BUNDLE_IDENTIFIER = ForeverMamba.WilsonDev;
				PRODUCT_NAME = "$(TARGET_NAME)";
				TARGETED_DEVICE_FAMILY = "1,2";
			};
			name = Release;
		};
		C8B12DDE1FD6459D0000DEB0 /* Debug */ = {
			isa = XCBuildConfiguration;
			baseConfigurationReference = F73D739668FBCC64A33EF495 /* Pods-WilsonDevTests.debug.xcconfig */;
			buildSettings = {
				BUNDLE_LOADER = "$(TEST_HOST)";
				CODE_SIGN_STYLE = Automatic;
				DEVELOPMENT_TEAM = 2W77NDA9H2;
				INFOPLIST_FILE = WilsonDevTests/Info.plist;
				LD_RUNPATH_SEARCH_PATHS = "$(inherited) @executable_path/Frameworks @loader_path/Frameworks";
				PRODUCT_BUNDLE_IDENTIFIER = ForeverMamba.WilsonDevTests;
				PRODUCT_NAME = "$(TARGET_NAME)";
				TARGETED_DEVICE_FAMILY = "1,2";
				TEST_HOST = "$(BUILT_PRODUCTS_DIR)/WilsonDev.app/WilsonDev";
			};
			name = Debug;
		};
		C8B12DDF1FD6459D0000DEB0 /* Release */ = {
			isa = XCBuildConfiguration;
			baseConfigurationReference = 3DBB52DA7E9F6BC26BF1147E /* Pods-WilsonDevTests.release.xcconfig */;
			buildSettings = {
				BUNDLE_LOADER = "$(TEST_HOST)";
				CODE_SIGN_STYLE = Automatic;
				DEVELOPMENT_TEAM = 2W77NDA9H2;
				INFOPLIST_FILE = WilsonDevTests/Info.plist;
				LD_RUNPATH_SEARCH_PATHS = "$(inherited) @executable_path/Frameworks @loader_path/Frameworks";
				PRODUCT_BUNDLE_IDENTIFIER = ForeverMamba.WilsonDevTests;
				PRODUCT_NAME = "$(TARGET_NAME)";
				TARGETED_DEVICE_FAMILY = "1,2";
				TEST_HOST = "$(BUILT_PRODUCTS_DIR)/WilsonDev.app/WilsonDev";
			};
			name = Release;
		};
		C8B12DE11FD6459D0000DEB0 /* Debug */ = {
			isa = XCBuildConfiguration;
			baseConfigurationReference = A87FD9F459C72126206E8F48 /* Pods-WilsonDevUITests.debug.xcconfig */;
			buildSettings = {
				CODE_SIGN_STYLE = Automatic;
				DEVELOPMENT_TEAM = 2W77NDA9H2;
				INFOPLIST_FILE = WilsonDevUITests/Info.plist;
				LD_RUNPATH_SEARCH_PATHS = "$(inherited) @executable_path/Frameworks @loader_path/Frameworks";
				PRODUCT_BUNDLE_IDENTIFIER = ForeverMamba.WilsonDevUITests;
				PRODUCT_NAME = "$(TARGET_NAME)";
				TARGETED_DEVICE_FAMILY = "1,2";
				TEST_TARGET_NAME = WilsonDev;
			};
			name = Debug;
		};
		C8B12DE21FD6459D0000DEB0 /* Release */ = {
			isa = XCBuildConfiguration;
			baseConfigurationReference = B0E7152230E1FEC340E7E89C /* Pods-WilsonDevUITests.release.xcconfig */;
			buildSettings = {
				CODE_SIGN_STYLE = Automatic;
				DEVELOPMENT_TEAM = 2W77NDA9H2;
				INFOPLIST_FILE = WilsonDevUITests/Info.plist;
				LD_RUNPATH_SEARCH_PATHS = "$(inherited) @executable_path/Frameworks @loader_path/Frameworks";
				PRODUCT_BUNDLE_IDENTIFIER = ForeverMamba.WilsonDevUITests;
				PRODUCT_NAME = "$(TARGET_NAME)";
				TARGETED_DEVICE_FAMILY = "1,2";
				TEST_TARGET_NAME = WilsonDev;
			};
			name = Release;
		};
/* End XCBuildConfiguration section */

/* Begin XCConfigurationList section */
		C8B12DA91FD6459D0000DEB0 /* Build configuration list for PBXProject "WilsonDev" */ = {
			isa = XCConfigurationList;
			buildConfigurations = (
				C8B12DD81FD6459D0000DEB0 /* Debug */,
				C8B12DD91FD6459D0000DEB0 /* Release */,
			);
			defaultConfigurationIsVisible = 0;
			defaultConfigurationName = Release;
		};
		C8B12DDA1FD6459D0000DEB0 /* Build configuration list for PBXNativeTarget "WilsonDev" */ = {
			isa = XCConfigurationList;
			buildConfigurations = (
				C8B12DDB1FD6459D0000DEB0 /* Debug */,
				C8B12DDC1FD6459D0000DEB0 /* Release */,
			);
			defaultConfigurationIsVisible = 0;
			defaultConfigurationName = Release;
		};
		C8B12DDD1FD6459D0000DEB0 /* Build configuration list for PBXNativeTarget "WilsonDevTests" */ = {
			isa = XCConfigurationList;
			buildConfigurations = (
				C8B12DDE1FD6459D0000DEB0 /* Debug */,
				C8B12DDF1FD6459D0000DEB0 /* Release */,
			);
			defaultConfigurationIsVisible = 0;
			defaultConfigurationName = Release;
		};
		C8B12DE01FD6459D0000DEB0 /* Build configuration list for PBXNativeTarget "WilsonDevUITests" */ = {
			isa = XCConfigurationList;
			buildConfigurations = (
				C8B12DE11FD6459D0000DEB0 /* Debug */,
				C8B12DE21FD6459D0000DEB0 /* Release */,
			);
			defaultConfigurationIsVisible = 0;
			defaultConfigurationName = Release;
		};
/* End XCConfigurationList section */
	};
	rootObject = C8B12DA61FD6459D0000DEB0 /* Project object */;
}
